PackratFormat: 1.4
PackratVersion: 0.4.3.2
RVersion: 3.1.1
Repos: CRAN=http://cran.revolutionanalytics.com,
    BioCsoft=http://bioconductor.org/packages/3.0/bioc,
    BioCann=http://bioconductor.org/packages/3.0/data/annotation,
    BioCexp=http://bioconductor.org/packages/3.0/data/experiment,
    BioCextra=http://bioconductor.org/packages/3.0/extra,
    CRANextra=http://www.stats.ox.ac.uk/pub/RWin

Package: Biobase
Source: Bioconductor
Version: 2.26.0
Hash: b71870d5a99d67d1aed2539586108549
Requires: BiocGenerics

Package: BiocGenerics
Source: Bioconductor
Version: 0.12.1
Hash: 87ec9b94ce0544cb5730b6567d266994

Package: CRImage
Source: Bioconductor
Version: 1.14.0
Hash: 8739cb7a0c49e0cdd75f1bfc6da1212c
Requires: DNAcopy, EBImage, MASS, aCGH, e1071, foreach, sgeostat

Package: DNAcopy
Source: Bioconductor
Version: 1.40.0
Hash: 58f2a3365d6960279a3ef03b110e6475

Package: EBImage
Source: Bioconductor
Version: 4.4.0
Hash: 4cff30490cf7e650f9d22e98c4faba30
Requires: BiocGenerics, abind, jpeg, locfit, png, tiff

Package: MASS
Source: CRAN
Version: 7.3-37
Hash: 05cd8a6b7ebab5d30f3d95c8b26cbdf1

Package: RColorBrewer
Source: CRAN
Version: 1.1-2
Hash: 5203278413b09be06483c5ac1920bb05

Package: Rcpp
Source: CRAN
Version: 0.11.4
Hash: 1f684f6afd28079e4e609b49f353e49f

Package: aCGH
Source: Bioconductor
Version: 1.44.0
Hash: 3d8cc9d15883318f8653305bb6136bf3
Requires: Biobase, cluster, multtest, survival

Package: abind
Source: CRAN
Version: 1.4-0
Hash: 5007322a6d081332d1d54b077a82bdf0

Package: class
Source: CRAN
Version: 7.3-11
Hash: 42a1ffd587092f98b7c2d5e2a9fca18b
Requires: MASS

Package: cluster
Source: CRAN
Version: 2.0.1
Hash: 4f2aaa7fd35950424beb5c5c9752b6c5

Package: codetools
Source: CRAN
Version: 0.2-10
Hash: 794be730abca46af12d7402d629c2248

Package: colorspace
Source: CRAN
Version: 1.2-4
Hash: b775bd08a10f968fef582304b7c3ab9c

Package: dichromat
Source: CRAN
Version: 2.0-0
Hash: 42be2136555fa4b6167605df56d8cd7c

Package: digest
Source: CRAN
Version: 0.6.8
Hash: 89dc4c8734dad5322bb3c5c2af09056f

Package: doSNOW
Source: CRAN
Version: 1.0.12
Hash: a565bb820a2f3adcb617f45f938489ed
Requires: foreach, iterators, snow

Package: e1071
Source: CRAN
Version: 1.6-4
Hash: 0fa8059d11f82a0c054aaa5065e80206
Requires: class

Package: foreach
Source: CRAN
Version: 1.4.2
Hash: fbdaa99f6c6bd4f252c5d8412f6e79c9
Requires: codetools, iterators

Package: ggplot2
Source: CRAN
Version: 1.0.0
Hash: c8bff66238347472f08b6a35608539ff
Requires: MASS, digest, gtable, plyr, proto, reshape2, scales

Package: gtable
Source: CRAN
Version: 0.1.2
Hash: 0cf4a2b54c02b35dec7e74a8ebed12a0

Package: iterators
Source: CRAN
Version: 1.0.7
Hash: b5320a58712688d5b18c207cf256ef3f

Package: jpeg
Source: CRAN
Version: 0.1-8
Hash: 2a96df07e30724f8bb773e4f78c634c6

Package: labeling
Source: CRAN
Version: 0.3
Hash: 568a992912caf7eeddfb121924154047

Package: lattice
Source: CRAN
Version: 0.20-29
Hash: 17e9fe582d11197544a5ec817a80b21e

Package: locfit
Source: CRAN
Version: 1.5-9.1
Hash: f50f72e2b1a3ae02e591bceab01bcf27
Requires: lattice

Package: multtest
Source: Bioconductor
Version: 2.22.0
Hash: 049a35efad8d9cded88d1b3e67f33095
Requires: Biobase, MASS, survival

Package: munsell
Source: CRAN
Version: 0.4.2
Hash: fa8af6d040041439b249351e9d16ae9a
Requires: colorspace

Package: packrat
Source: github
Version: 0.4.3-2
Hash: 6a0669586f295f4b6336dd973e8b5f970732fc2e
GithubRepo: packrat
GithubUsername: rstudio
GithubRef: master
GithubSha1: 6a0669586f295f4b6336dd973e8b5f970732fc2e

Package: plyr
Source: CRAN
Version: 1.8.1
Hash: 7dd935ee4050eaf2973108be2faf245e
Requires: Rcpp

Package: png
Source: CRAN
Version: 0.1-7
Hash: 7559dcd0a9f188351986d0494ec1516d

Package: proto
Source: CRAN
Version: 0.3-10
Hash: 668a9e87cedbdc5f56c396edf1bd2648

Package: reshape2
Source: CRAN
Version: 1.4.1
Hash: c401ef665db07687e1e54fbc60c683bb
Requires: Rcpp, plyr, stringr

Package: scales
Source: CRAN
Version: 0.2.4
Hash: b8b1af97bd07818605223060386b00dd
Requires: RColorBrewer, dichromat, labeling, munsell, plyr

Package: sgeostat
Source: CRAN
Version: 1.0-25
Hash: cdc9393d7376c0d93367521f1ba6b286

Package: snow
Source: CRAN
Version: 0.3-13
Hash: 16dca684ceb4baa0f96c1ca1b3314497

Package: stringr
Source: CRAN
Version: 0.6.2
Hash: cdde0cfa0f52cffeaca23a11a3899779

Package: survival
Source: CRAN
Version: 2.37-7
Hash: 09a1e94314fb616ea6f454dee9d75cdc

Package: tiff
Source: CRAN
Version: 0.1-5
Hash: bff6221f2ff93a5e6ddaf4314f97251a
